
Microsoft Visual Studio Solution File, Format Version 12.00
# Visual Studio 14
VisualStudioVersion = 14.0.24720.0
MinimumVisualStudioVersion = 10.0.40219.1
Project("{FAE04EC0-301F-11D3-BF4B-00C04F79EFBC}") = "FaxServer", "FaxServer.csproj", "{CFAD863C-01BA-4DDA-B22C-31B07C9D187C}"
EndProject
Project("{FAE04EC0-301F-11D3-BF4B-00C04F79EFBC}") = "TestFaxcom", "TestFaxcom\TestFaxcom.csproj", "{0FA6C474-EBED-4A1B-9687-FB9CA68276C6}"
EndProject
Project("{FAE04EC0-301F-11D3-BF4B-00C04F79EFBC}") = "FaxcomManager", "FaxcomManager\FaxcomManager.csproj", "{849AF099-20F0-42AB-AB4D-D686A046AC8E}"
EndProject
Global
	GlobalSection(SolutionConfigurationPlatforms) = preSolution
		Debug|Any CPU = Debug|Any CPU
		Release|Any CPU = Release|Any CPU
	EndGlobalSection
	GlobalSection(ProjectConfigurationPlatforms) = postSolution
		{CFAD863C-01BA-4DDA-B22C-31B07C9D187C}.Debug|Any CPU.ActiveCfg = Debug|Any CPU
		{CFAD863C-01BA-4DDA-B22C-31B07C9D187C}.Debug|Any CPU.Build.0 = Debug|Any CPU
		{CFAD863C-01BA-4DDA-B22C-31B07C9D187C}.Release|Any CPU.ActiveCfg = Release|Any CPU
		{CFAD863C-01BA-4DDA-B22C-31B07C9D187C}.Release|Any CPU.Build.0 = Release|Any CPU
		{0FA6C474-EBED-4A1B-9687-FB9CA68276C6}.Debug|Any CPU.ActiveCfg = Debug|Any CPU
		{0FA6C474-EBED-4A1B-9687-FB9CA68276C6}.Debug|Any CPU.Build.0 = Debug|Any CPU
		{0FA6C474-EBED-4A1B-9687-FB9CA68276C6}.Release|Any CPU.ActiveCfg = Release|Any CPU
		{0FA6C474-EBED-4A1B-9687-FB9CA68276C6}.Release|Any CPU.Build.0 = Release|Any CPU
		{849AF099-20F0-42AB-AB4D-D686A046AC8E}.Debug|Any CPU.ActiveCfg = Debug|Any CPU
		{849AF099-20F0-42AB-AB4D-D686A046AC8E}.Debug|Any CPU.Build.0 = Debug|Any CPU
		{849AF099-20F0-42AB-AB4D-D686A046AC8E}.Release|Any CPU.ActiveCfg = Release|Any CPU
		{849AF099-20F0-42AB-AB4D-D686A046AC8E}.Release|Any CPU.Build.0 = Release|Any CPU
	EndGlobalSection
	GlobalSection(SolutionProperties) = preSolution
		HideSolutionNode = FALSE
	EndGlobalSection
EndGlobal
